# THIS IS AN AUTOGENERATED FILE. DO NOT EDIT THIS FILE DIRECTLY.
# yarn lockfile v1


bootstrap@3.3.7:
  version "3.3.7"
  resolved "https://registry.yarnpkg.com/bootstrap/-/bootstrap-3.3.7.tgz#5a389394549f23330875a3b150656574f8a9eb71"
  integrity sha512-qcFaisBrcBhTFkz1IUnGDYnX6ZWfFzH8zOixUDtHW9Ip+r+7MfMFav2rzy7cIHc7rgIg7xjhWBoo1mS/U26j4g==

flatpickr@4.5.7:
  version "4.5.7"
  resolved "https://registry.yarnpkg.com/flatpickr/-/flatpickr-4.5.7.tgz#6efc0d93c65547aa77294205c67830ebabe3565c"
  integrity sha512-JqPfihUc9A/j9QAsh6otoARmMyUauPE17vRBEG+ThJwbl8zAq4ssGpxlPK3wWM/i8EFxkHg9UuVo0ds7XluKxw==
